
Microsoft Visual Studio Solution File, Format Version 12.00
# Visual Studio Version 17
VisualStudioVersion = 17.7.34221.43
MinimumVisualStudioVersion = 10.0.40219.1
Project("{8BC9CEB8-8B4A-11D0-8D11-00A0C91BC942}") = "task1_4.3", "task1_4.3.vcxproj", "{54A8EC4C-924A-406B-A6EC-A56132057ABA}"
EndProject
Global
	GlobalSection(SolutionConfigurationPlatforms) = preSolution
		Debug|x64 = Debug|x64
		Debug|x86 = Debug|x86
		Release|x64 = Release|x64
		Release|x86 = Release|x86
	EndGlobalSection
	GlobalSection(ProjectConfigurationPlatforms) = postSolution
		{54A8EC4C-924A-406B-A6EC-A56132057ABA}.Debug|x64.ActiveCfg = Debug|x64
		{54A8EC4C-924A-406B-A6EC-A56132057ABA}.Debug|x64.Build.0 = Debug|x64
		{54A8EC4C-924A-406B-A6EC-A56132057ABA}.Debug|x86.ActiveCfg = Debug|Win32
		{54A8EC4C-924A-406B-A6EC-A56132057ABA}.Debug|x86.Build.0 = Debug|Win32
		{54A8EC4C-924A-406B-A6EC-A56132057ABA}.Release|x64.ActiveCfg = Release|x64
		{54A8EC4C-924A-406B-A6EC-A56132057ABA}.Release|x64.Build.0 = Release|x64
		{54A8EC4C-924A-406B-A6EC-A56132057ABA}.Release|x86.ActiveCfg = Release|Win32
		{54A8EC4C-924A-406B-A6EC-A56132057ABA}.Release|x86.Build.0 = Release|Win32
	EndGlobalSection
	GlobalSection(SolutionProperties) = preSolution
		HideSolutionNode = FALSE
	EndGlobalSection
	GlobalSection(ExtensibilityGlobals) = postSolution
		SolutionGuid = {E537FC23-03ED-448A-8103-7B6FE70EA1C8}
	EndGlobalSection
EndGlobal
